<?xml version="1.0" encoding="utf-8"?>
<Project ToolsVersion="4.0" xmlns="http://schemas.microsoft.com/developer/msbuild/2003">
  <ItemGroup>
    <Filter Include="Исходные файлы">
      <UniqueIdentifier>{4FC737F1-C7A5-4376-A066-2A32D752A2FF}</UniqueIdentifier>
      <Extensions>cpp;c;cc;cxx;c++;cppm;ixx;def;odl;idl;hpj;bat;asm;asmx</Extensions>
    </Filter>
    <Filter Include="Файлы заголовков">
      <UniqueIdentifier>{93995380-89BD-4b04-88EB-625FBE52EBFB}</UniqueIdentifier>
      <Extensions>h;hh;hpp;hxx;h++;hm;inl;inc;ipp;xsd</Extensions>
    </Filter>
    <Filter Include="Файлы ресурсов">
      <UniqueIdentifier>{67DA6AB6-F800-4c08-8B7A-83BB121AAD01}</UniqueIdentifier>
      <Extensions>rc;ico;cur;bmp;dlg;rc2;rct;bin;rgs;gif;jpg;jpeg;jpe;resx;tiff;tif;png;wav;mfcribbon-ms</Extensions>
    </Filter>
  </ItemGroup>
  <ItemGroup>
    <ClCompile Include="v8_Torque.cpp">
      <Filter>Исходные файлы</Filter>
    </ClCompile>
    <ClCompile Include="src\base\platform\platform-win32.cc">
      <Filter>Исходные файлы</Filter>
    </ClCompile>
    <ClCompile Include="src\base\logging.cc">
      <Filter>Исходные файлы</Filter>
    </ClCompile>
    <ClCompile Include="src\base\platform\time.cc">
      <Filter>Исходные файлы</Filter>
    </ClCompile>
    <ClCompile Include="src\base\once.cc">
      <Filter>Исходные файлы</Filter>
    </ClCompile>
    <ClCompile Include="src\base\platform\mutex.cc">
      <Filter>Исходные файлы</Filter>
    </ClCompile>
    <ClCompile Include="src\base\platform\semaphore.cc">
      <Filter>Исходные файлы</Filter>
    </ClCompile>
    <ClCompile Include="src\base\utils\random-number-generator.cc">
      <Filter>Исходные файлы</Filter>
    </ClCompile>
    <ClCompile Include="src\base\bits.cc">
      <Filter>Исходные файлы</Filter>
    </ClCompile>
    <ClCompile Include="src\base\cpu.cc">
      <Filter>Исходные файлы</Filter>
    </ClCompile>
    <ClCompile Include="src\torque\utils.cc">
      <Filter>Исходные файлы</Filter>
    </ClCompile>
    <ClCompile Include="src\torque\declarable.cc">
      <Filter>Исходные файлы</Filter>
    </ClCompile>
    <ClCompile Include="src\torque\source-positions.cc">
      <Filter>Исходные файлы</Filter>
    </ClCompile>
    <ClCompile Include="src\torque\global-context.cc">
      <Filter>Исходные файлы</Filter>
    </ClCompile>
    <ClCompile Include="src\torque\type-visitor.cc">
      <Filter>Исходные файлы</Filter>
    </ClCompile>
    <ClCompile Include="src\torque\type-inference.cc">
      <Filter>Исходные файлы</Filter>
    </ClCompile>
    <ClCompile Include="src\torque\types.cc">
      <Filter>Исходные файлы</Filter>
    </ClCompile>
    <ClCompile Include="src\torque\cfg.cc">
      <Filter>Исходные файлы</Filter>
    </ClCompile>
    <ClCompile Include="src\torque\instructions.cc">
      <Filter>Исходные файлы</Filter>
    </ClCompile>
    <ClCompile Include="src\torque\earley-parser.cc">
      <Filter>Исходные файлы</Filter>
    </ClCompile>
    <ClCompile Include="src\torque\torque-parser.cc">
      <Filter>Исходные файлы</Filter>
    </ClCompile>
    <ClCompile Include="src\torque\kythe-data.cc">
      <Filter>Исходные файлы</Filter>
    </ClCompile>
    <ClCompile Include="src\torque\type-oracle.cc">
      <Filter>Исходные файлы</Filter>
    </ClCompile>
    <ClCompile Include="src\torque\cc-generator.cc">
      <Filter>Исходные файлы</Filter>
    </ClCompile>
    <ClCompile Include="src\torque\cpp-builder.cc">
      <Filter>Исходные файлы</Filter>
    </ClCompile>
    <ClCompile Include="src\torque\csa-generator.cc">
      <Filter>Исходные файлы</Filter>
    </ClCompile>
    <ClCompile Include="src\torque\declaration-visitor.cc">
      <Filter>Исходные файлы</Filter>
    </ClCompile>
    <ClCompile Include="src\torque\implementation-visitor.cc">
      <Filter>Исходные файлы</Filter>
    </ClCompile>
    <ClCompile Include="src\torque\instance-type-generator.cc">
      <Filter>Исходные файлы</Filter>
    </ClCompile>
    <ClCompile Include="src\torque\torque-compiler.cc">
      <Filter>Исходные файлы</Filter>
    </ClCompile>
    <ClCompile Include="src\torque\declarations.cc">
      <Filter>Исходные файлы</Filter>
    </ClCompile>
    <ClCompile Include="src\torque\torque-code-generator.cc">
      <Filter>Исходные файлы</Filter>
    </ClCompile>
    <ClCompile Include="src\torque\class-debug-reader-generator.cc">
      <Filter>Исходные файлы</Filter>
    </ClCompile>
    <ClCompile Include="src\torque\ls\message-handler.cc">
      <Filter>Исходные файлы</Filter>
    </ClCompile>
    <ClCompile Include="src\torque\ls\json-parser.cc">
      <Filter>Исходные файлы</Filter>
    </ClCompile>
    <ClCompile Include="src\torque\ls\json.cc">
      <Filter>Исходные файлы</Filter>
    </ClCompile>
    <ClCompile Include="src\torque\server-data.cc">
      <Filter>Исходные файлы</Filter>
    </ClCompile>
    <ClCompile Include="src\base\functional.cc">
      <Filter>Исходные файлы</Filter>
    </ClCompile>
  </ItemGroup>
</Project>